
Microsoft Visual Studio Solution File, Format Version 12.00
Project("{FAE04EC0-301F-11D3-BF4B-00C04F79EFBC}") = "HIDAccess", "HIDAccess\HIDAccess.csproj", "{8205D004-20D6-4250-AF2B-7654D264B258}"
EndProject
Project("{FAE04EC0-301F-11D3-BF4B-00C04F79EFBC}") = "HIDFrontend", "HIDFrontend\HIDFrontend.csproj", "{AF5A71A5-C1EC-4DCD-8B72-512EC83107AF}"
EndProject
Global
	GlobalSection(SolutionConfigurationPlatforms) = preSolution
		Debug|Any CPU = Debug|Any CPU
		Release|Any CPU = Release|Any CPU
	EndGlobalSection
	GlobalSection(ProjectConfigurationPlatforms) = postSolution
		{8205D004-20D6-4250-AF2B-7654D264B258}.Debug|Any CPU.ActiveCfg = Debug|Any CPU
		{8205D004-20D6-4250-AF2B-7654D264B258}.Debug|Any CPU.Build.0 = Debug|Any CPU
		{8205D004-20D6-4250-AF2B-7654D264B258}.Release|Any CPU.ActiveCfg = Release|Any CPU
		{8205D004-20D6-4250-AF2B-7654D264B258}.Release|Any CPU.Build.0 = Release|Any CPU
		{AF5A71A5-C1EC-4DCD-8B72-512EC83107AF}.Debug|Any CPU.ActiveCfg = Debug|Any CPU
		{AF5A71A5-C1EC-4DCD-8B72-512EC83107AF}.Debug|Any CPU.Build.0 = Debug|Any CPU
		{AF5A71A5-C1EC-4DCD-8B72-512EC83107AF}.Release|Any CPU.ActiveCfg = Release|Any CPU
		{AF5A71A5-C1EC-4DCD-8B72-512EC83107AF}.Release|Any CPU.Build.0 = Release|Any CPU
	EndGlobalSection
EndGlobal
